{
  "name": "err-alytics",
  "version": "1.0.0",
  "lockfileVersion": 3,
  "requires": true,
  "packages": {
    "": {
      "name": "err-alytics",
      "version": "1.0.0",
      "license": "ISC"
    },
    "node_modules/.pnpm/turbopack@0.0.1/node_modules/turbopack": {
      "version": "0.0.1",
      "extraneous": true
    }
  }
}
